
Microsoft Visual Studio Solution File, Format Version 12.00
# Visual Studio Version 17
VisualStudioVersion = 17.3.32901.215
MinimumVisualStudioVersion = 10.0.40219.1
Project("{9A19103F-16F7-4668-BE54-9A1E7A4F7556}") = "BlueLotus360.Web.API", "BlueLotus360.Web.API\BlueLotus360.Web.API.csproj", "{084A5A01-1784-456C-86CE-EA72A9A00BE5}"
EndProject
Project("{9A19103F-16F7-4668-BE54-9A1E7A4F7556}") = "BlueLotus360.Core.Domain", "BlueLotus360.Core.Domain\BlueLotus360.Core.Domain.csproj", "{B3ABC87A-BFE4-4911-9C28-981099A5E7E0}"
EndProject
Project("{9A19103F-16F7-4668-BE54-9A1E7A4F7556}") = "BlueLotus360.Data.SQL92", "BlueLotus360.Data.SQL92\BlueLotus360.Data.SQL92.csproj", "{7BFEA694-CFF7-4AD5-9221-BCAAA4C210DD}"
EndProject
Project("{9A19103F-16F7-4668-BE54-9A1E7A4F7556}") = "BlueLotus360.Web.APIApplication", "BlueLotus360.Web.APIApplication\BlueLotus360.Web.APIApplication.csproj", "{9A95443D-8D41-4072-8634-E2EE3511B6D7}"
EndProject
Project("{FAE04EC0-301F-11D3-BF4B-00C04F79EFBC}") = "BlueLotus360.UI.WPF", "BlueLotus360.UI.WPF\BlueLotus360.UI.WPF.csproj", "{16CE064C-56E2-49F2-A8F3-D13FA0B324E2}"
EndProject
Global
	GlobalSection(SolutionConfigurationPlatforms) = preSolution
		Debug|Any CPU = Debug|Any CPU
		Release|Any CPU = Release|Any CPU
	EndGlobalSection
	GlobalSection(ProjectConfigurationPlatforms) = postSolution
		{084A5A01-1784-456C-86CE-EA72A9A00BE5}.Debug|Any CPU.ActiveCfg = Debug|Any CPU
		{084A5A01-1784-456C-86CE-EA72A9A00BE5}.Debug|Any CPU.Build.0 = Debug|Any CPU
		{084A5A01-1784-456C-86CE-EA72A9A00BE5}.Release|Any CPU.ActiveCfg = Release|Any CPU
		{084A5A01-1784-456C-86CE-EA72A9A00BE5}.Release|Any CPU.Build.0 = Release|Any CPU
		{B3ABC87A-BFE4-4911-9C28-981099A5E7E0}.Debug|Any CPU.ActiveCfg = Debug|Any CPU
		{B3ABC87A-BFE4-4911-9C28-981099A5E7E0}.Debug|Any CPU.Build.0 = Debug|Any CPU
		{B3ABC87A-BFE4-4911-9C28-981099A5E7E0}.Release|Any CPU.ActiveCfg = Release|Any CPU
		{B3ABC87A-BFE4-4911-9C28-981099A5E7E0}.Release|Any CPU.Build.0 = Release|Any CPU
		{7BFEA694-CFF7-4AD5-9221-BCAAA4C210DD}.Debug|Any CPU.ActiveCfg = Debug|Any CPU
		{7BFEA694-CFF7-4AD5-9221-BCAAA4C210DD}.Debug|Any CPU.Build.0 = Debug|Any CPU
		{7BFEA694-CFF7-4AD5-9221-BCAAA4C210DD}.Release|Any CPU.ActiveCfg = Release|Any CPU
		{7BFEA694-CFF7-4AD5-9221-BCAAA4C210DD}.Release|Any CPU.Build.0 = Release|Any CPU
		{9A95443D-8D41-4072-8634-E2EE3511B6D7}.Debug|Any CPU.ActiveCfg = Debug|Any CPU
		{9A95443D-8D41-4072-8634-E2EE3511B6D7}.Debug|Any CPU.Build.0 = Debug|Any CPU
		{9A95443D-8D41-4072-8634-E2EE3511B6D7}.Release|Any CPU.ActiveCfg = Release|Any CPU
		{9A95443D-8D41-4072-8634-E2EE3511B6D7}.Release|Any CPU.Build.0 = Release|Any CPU
		{16CE064C-56E2-49F2-A8F3-D13FA0B324E2}.Debug|Any CPU.ActiveCfg = Debug|Any CPU
		{16CE064C-56E2-49F2-A8F3-D13FA0B324E2}.Debug|Any CPU.Build.0 = Debug|Any CPU
		{16CE064C-56E2-49F2-A8F3-D13FA0B324E2}.Release|Any CPU.ActiveCfg = Release|Any CPU
		{16CE064C-56E2-49F2-A8F3-D13FA0B324E2}.Release|Any CPU.Build.0 = Release|Any CPU
	EndGlobalSection
	GlobalSection(SolutionProperties) = preSolution
		HideSolutionNode = FALSE
	EndGlobalSection
	GlobalSection(ExtensibilityGlobals) = postSolution
		SolutionGuid = {7F38073B-7206-4A2D-B424-298E698A2594}
	EndGlobalSection
EndGlobal
